
Microsoft Visual Studio Solution File, Format Version 12.00
# Visual Studio Version 17
VisualStudioVersion = 17.12.35707.178 d17.12
MinimumVisualStudioVersion = 10.0.40219.1
Project("{FAE04EC0-301F-11D3-BF4B-00C04F79EFBC}") = "GChat", "GChat\GChat.csproj", "{DC07462E-669C-4294-9B82-F598F8834DAA}"
EndProject
Project("{E24C65DC-7377-472B-9ABA-BC803B73C61A}") = "html", "..\..\..\OneDrive\Desktop\chat-bot-template\mainpack\html\", "{0E0004BC-0302-4495-9CA6-280B7C8BCE12}"
	ProjectSection(WebsiteProperties) = preProject
		TargetFrameworkMoniker = ".NETFramework,Version%3Dv4.8.1"
		Debug.AspNetCompiler.VirtualPath = "/localhost_49793"
		Debug.AspNetCompiler.PhysicalPath = "..\..\..\OneDrive\Desktop\chat-bot-template\mainpack\html\"
		Debug.AspNetCompiler.TargetPath = "PrecompiledWeb\localhost_49793\"
		Debug.AspNetCompiler.Updateable = "true"
		Debug.AspNetCompiler.ForceOverwrite = "true"
		Debug.AspNetCompiler.FixedNames = "false"
		Debug.AspNetCompiler.Debug = "True"
		Release.AspNetCompiler.VirtualPath = "/localhost_49793"
		Release.AspNetCompiler.PhysicalPath = "..\..\..\OneDrive\Desktop\chat-bot-template\mainpack\html\"
		Release.AspNetCompiler.TargetPath = "PrecompiledWeb\localhost_49793\"
		Release.AspNetCompiler.Updateable = "true"
		Release.AspNetCompiler.ForceOverwrite = "true"
		Release.AspNetCompiler.FixedNames = "false"
		Release.AspNetCompiler.Debug = "False"
		VWDPort = "49793"
		SlnRelativePath = "..\..\..\OneDrive\Desktop\chat-bot-template\mainpack\html\"
	EndProjectSection
EndProject
Global
	GlobalSection(SolutionConfigurationPlatforms) = preSolution
		Debug|Any CPU = Debug|Any CPU
		Release|Any CPU = Release|Any CPU
	EndGlobalSection
	GlobalSection(ProjectConfigurationPlatforms) = postSolution
		{DC07462E-669C-4294-9B82-F598F8834DAA}.Debug|Any CPU.ActiveCfg = Debug|Any CPU
		{DC07462E-669C-4294-9B82-F598F8834DAA}.Debug|Any CPU.Build.0 = Debug|Any CPU
		{DC07462E-669C-4294-9B82-F598F8834DAA}.Release|Any CPU.ActiveCfg = Release|Any CPU
		{DC07462E-669C-4294-9B82-F598F8834DAA}.Release|Any CPU.Build.0 = Release|Any CPU
		{0E0004BC-0302-4495-9CA6-280B7C8BCE12}.Debug|Any CPU.ActiveCfg = Debug|Any CPU
		{0E0004BC-0302-4495-9CA6-280B7C8BCE12}.Debug|Any CPU.Build.0 = Debug|Any CPU
		{0E0004BC-0302-4495-9CA6-280B7C8BCE12}.Release|Any CPU.ActiveCfg = Debug|Any CPU
		{0E0004BC-0302-4495-9CA6-280B7C8BCE12}.Release|Any CPU.Build.0 = Debug|Any CPU
	EndGlobalSection
	GlobalSection(SolutionProperties) = preSolution
		HideSolutionNode = FALSE
	EndGlobalSection
EndGlobal
